<?xml version="1.0" encoding="utf-8"?>
<Project ToolsVersion="4.0" xmlns="http://schemas.microsoft.com/developer/msbuild/2003">
  <ItemGroup>
    <Filter Include="Source Files">
      <UniqueIdentifier>{4FC737F1-C7A5-4376-A066-2A32D752A2FF}</UniqueIdentifier>
      <Extensions>cpp;c;cc;cxx;def;odl;idl;hpj;bat;asm;asmx</Extensions>
    </Filter>
    <Filter Include="Header Files">
      <UniqueIdentifier>{93995380-89BD-4b04-88EB-625FBE52EBFB}</UniqueIdentifier>
      <Extensions>h;hpp;hxx;hm;inl;inc;xsd</Extensions>
    </Filter>
    <Filter Include="Resource Files">
      <UniqueIdentifier>{67DA6AB6-F800-4c08-8B7A-83BB121AAD01}</UniqueIdentifier>
      <Extensions>rc;ico;cur;bmp;dlg;rc2;rct;bin;rgs;gif;jpg;jpeg;jpe;resx;tiff;tif;png;wav;mfcribbon-ms</Extensions>
    </Filter>
    <Filter Include="Header Files\Object">
      <UniqueIdentifier>{2300c984-2157-46c4-9496-6ad39b92b4c2}</UniqueIdentifier>
    </Filter>
    <Filter Include="Source Files\Object">
      <UniqueIdentifier>{2baaa1fe-7133-49da-a092-49fc5e1d2662}</UniqueIdentifier>
    </Filter>
    <Filter Include="Source Files\Particle">
      <UniqueIdentifier>{bfd662b5-4a09-4c1f-8849-93208ea5e48c}</UniqueIdentifier>
    </Filter>
    <Filter Include="Header Files\Particle">
      <UniqueIdentifier>{74d36174-3bb3-4ace-a47f-2e2713f61baf}</UniqueIdentifier>
    </Filter>
  </ItemGroup>
  <ItemGroup>
    <ClCompile Include="Main.cpp">
      <Filter>Source Files</Filter>
    </ClCompile>
    <ClCompile Include="Screen.cpp">
      <Filter>Source Files</Filter>
    </ClCompile>
    <ClCompile Include="Renderer.cpp">
      <Filter>Source Files</Filter>
    </ClCompile>
    <ClCompile Include="WorldHandler.cpp">
      <Filter>Source Files</Filter>
    </ClCompile>
    <ClCompile Include="ResourceLoader.cpp">
      <Filter>Source Files</Filter>
    </ClCompile>
    <ClCompile Include="Camera.cpp">
      <Filter>Source Files</Filter>
    </ClCompile>
    <ClCompile Include="GameTimer.cpp">
      <Filter>Source Files</Filter>
    </ClCompile>
    <ClCompile Include="ShaderObject.cpp">
      <Filter>Source Files</Filter>
    </ClCompile>
    <ClCompile Include="Object.cpp">
      <Filter>Source Files\Object</Filter>
    </ClCompile>
    <ClCompile Include="ObjectLoader.cpp">
      <Filter>Source Files\Object</Filter>
    </ClCompile>
    <ClCompile Include="ParticleSystem.cpp">
      <Filter>Source Files\Particle</Filter>
    </ClCompile>
    <ClCompile Include="ParticleHandler.cpp">
      <Filter>Source Files\Particle</Filter>
    </ClCompile>
    <ClCompile Include="Rain.cpp">
      <Filter>Source Files\Particle</Filter>
    </ClCompile>
    <ClCompile Include="Sun.cpp">
      <Filter>Source Files\Particle</Filter>
    </ClCompile>
    <ClCompile Include="Tree.cpp">
      <Filter>Source Files\Object</Filter>
    </ClCompile>
    <ClCompile Include="DrawableTex2D.cpp">
      <Filter>Source Files</Filter>
    </ClCompile>
  </ItemGroup>
  <ItemGroup>
    <ClInclude Include="Screen.h">
      <Filter>Header Files</Filter>
    </ClInclude>
    <ClInclude Include="Renderer.h">
      <Filter>Header Files</Filter>
    </ClInclude>
    <ClInclude Include="Utilities.h">
      <Filter>Header Files</Filter>
    </ClInclude>
    <ClInclude Include="WorldHandler.h">
      <Filter>Header Files</Filter>
    </ClInclude>
    <ClInclude Include="Vertex.h">
      <Filter>Header Files</Filter>
    </ClInclude>
    <ClInclude Include="ResourceLoader.h">
      <Filter>Header Files</Filter>
    </ClInclude>
    <ClInclude Include="Camera.h">
      <Filter>Header Files</Filter>
    </ClInclude>
    <ClInclude Include="GameTimer.h">
      <Filter>Header Files</Filter>
    </ClInclude>
    <ClInclude Include="ShaderObject.h">
      <Filter>Header Files</Filter>
    </ClInclude>
    <ClInclude Include="ObjectLoader.h">
      <Filter>Header Files\Object</Filter>
    </ClInclude>
    <ClInclude Include="Object.h">
      <Filter>Header Files\Object</Filter>
    </ClInclude>
    <ClInclude Include="ObjectVertex.h">
      <Filter>Header Files\Object</Filter>
    </ClInclude>
    <ClInclude Include="ParticleVertex.h">
      <Filter>Header Files\Particle</Filter>
    </ClInclude>
    <ClInclude Include="ParticleHandler.h">
      <Filter>Header Files\Particle</Filter>
    </ClInclude>
    <ClInclude Include="ParticleSystem.h">
      <Filter>Header Files\Particle</Filter>
    </ClInclude>
    <ClInclude Include="Rain.h">
      <Filter>Header Files\Particle</Filter>
    </ClInclude>
    <ClInclude Include="Sun.h">
      <Filter>Header Files\Particle</Filter>
    </ClInclude>
    <ClInclude Include="Tree.h">
      <Filter>Header Files\Object</Filter>
    </ClInclude>
    <ClInclude Include="DrawableTex2D.h">
      <Filter>Header Files</Filter>
    </ClInclude>
  </ItemGroup>
  <ItemGroup>
    <None Include="Textures\BlendMap.dds">
      <Filter>Resource Files</Filter>
    </None>
    <None Include="Textures\DarkGrass.dds">
      <Filter>Resource Files</Filter>
    </None>
    <None Include="Textures\FlameTexture.dds">
      <Filter>Resource Files</Filter>
    </None>
    <None Include="Textures\Grass.dds">
      <Filter>Resource Files</Filter>
    </None>
    <None Include="Textures\Lava.dds">
      <Filter>Resource Files</Filter>
    </None>
    <None Include="Textures\ParticleTexture.dds">
      <Filter>Resource Files</Filter>
    </None>
    <None Include="Textures\Stone.dds">
      <Filter>Resource Files</Filter>
    </None>
    <None Include="Textures\Sun.dds">
      <Filter>Resource Files</Filter>
    </None>
    <None Include="Terrain.fx" />
    <None Include="Textures\HeightMap.raw">
      <Filter>Resource Files</Filter>
    </None>
    <None Include="Rain.fx" />
    <None Include="Sun.fx" />
    <None Include="FX\Tree.fx" />
    <None Include="FX\Object.fx" />
  </ItemGroup>
</Project>